
Microsoft Visual Studio Solution File, Format Version 12.00
# Visual Studio Version 16
VisualStudioVersion = 16.0.29806.167
MinimumVisualStudioVersion = 10.0.40219.1
Project("{8BC9CEB8-8B4A-11D0-8D11-00A0C91BC942}") = "BinaryPolynomCalculator", "BinaryPolynomCalculator\BinaryPolynomCalculator.vcxproj", "{BAF05141-D6C6-4231-B178-9EFDAFEF3451}"
EndProject
Global
	GlobalSection(SolutionConfigurationPlatforms) = preSolution
		Debug|x64 = Debug|x64
		Debug|x86 = Debug|x86
		Release|x64 = Release|x64
		Release|x86 = Release|x86
	EndGlobalSection
	GlobalSection(ProjectConfigurationPlatforms) = postSolution
		{BAF05141-D6C6-4231-B178-9EFDAFEF3451}.Debug|x64.ActiveCfg = Debug|x64
		{BAF05141-D6C6-4231-B178-9EFDAFEF3451}.Debug|x64.Build.0 = Debug|x64
		{BAF05141-D6C6-4231-B178-9EFDAFEF3451}.Debug|x86.ActiveCfg = Debug|Win32
		{BAF05141-D6C6-4231-B178-9EFDAFEF3451}.Debug|x86.Build.0 = Debug|Win32
		{BAF05141-D6C6-4231-B178-9EFDAFEF3451}.Release|x64.ActiveCfg = Release|x64
		{BAF05141-D6C6-4231-B178-9EFDAFEF3451}.Release|x64.Build.0 = Release|x64
		{BAF05141-D6C6-4231-B178-9EFDAFEF3451}.Release|x86.ActiveCfg = Release|Win32
		{BAF05141-D6C6-4231-B178-9EFDAFEF3451}.Release|x86.Build.0 = Release|Win32
	EndGlobalSection
	GlobalSection(SolutionProperties) = preSolution
		HideSolutionNode = FALSE
	EndGlobalSection
	GlobalSection(ExtensibilityGlobals) = postSolution
		SolutionGuid = {80F1E917-7711-4FBB-9794-4F8BFF8E00C3}
	EndGlobalSection
EndGlobal
